
Microsoft Visual Studio Solution File, Format Version 12.00
# Visual Studio Version 16
VisualStudioVersion = 16.0.30114.105
MinimumVisualStudioVersion = 10.0.40219.1
Project("{2150E333-8FDC-42A3-9474-1A3956D46DE8}") = "Commons", "Commons", "{32ABF151-5429-40BB-8520-FF4202DDB976}"
EndProject
Project("{FAE04EC0-301F-11D3-BF4B-00C04F79EFBC}") = "Util", "Commons\Util\Util.csproj", "{6E06CA25-E6EE-493B-931F-975CA1951444}"
EndProject
Project("{FAE04EC0-301F-11D3-BF4B-00C04F79EFBC}") = "Domain", "Domain\Domain.csproj", "{053B455A-4D2A-451B-862E-BBF2B0883B4E}"
EndProject
Project("{FAE04EC0-301F-11D3-BF4B-00C04F79EFBC}") = "Repository", "Repository\Repository.csproj", "{E1FE8B69-8418-44BB-B744-ED51EF3ABA7B}"
EndProject
Project("{FAE04EC0-301F-11D3-BF4B-00C04F79EFBC}") = "Service", "Service\Service.csproj", "{54B61C92-CBDB-4AB7-B8C3-3E5B81DD48B5}"
EndProject
Project("{FAE04EC0-301F-11D3-BF4B-00C04F79EFBC}") = "Testing", "Testing\Testing.csproj", "{5A52A7C2-7D94-4336-BA84-31CBFD4ECAD3}"
EndProject
Project("{2150E333-8FDC-42A3-9474-1A3956D46DE8}") = "Presentation", "Presentation", "{4BD28F36-3196-4379-88E3-BE0C784A93CB}"
EndProject
Project("{2150E333-8FDC-42A3-9474-1A3956D46DE8}") = "WebApi", "WebApi", "{7FF8180E-D97B-4D27-BD95-AA89A3552A47}"
EndProject
Project("{FAE04EC0-301F-11D3-BF4B-00C04F79EFBC}") = "FalconApi", "Presentation\WebApi\FalconApi\FalconApi.csproj", "{73E78CB7-EE10-4A16-AEA9-4D982627C459}"
EndProject
Global
	GlobalSection(SolutionConfigurationPlatforms) = preSolution
		Debug|Any CPU = Debug|Any CPU
		Debug|x64 = Debug|x64
		Debug|x86 = Debug|x86
		Release|Any CPU = Release|Any CPU
		Release|x64 = Release|x64
		Release|x86 = Release|x86
	EndGlobalSection
	GlobalSection(SolutionProperties) = preSolution
		HideSolutionNode = FALSE
	EndGlobalSection
	GlobalSection(ProjectConfigurationPlatforms) = postSolution
		{6E06CA25-E6EE-493B-931F-975CA1951444}.Debug|Any CPU.ActiveCfg = Debug|Any CPU
		{6E06CA25-E6EE-493B-931F-975CA1951444}.Debug|Any CPU.Build.0 = Debug|Any CPU
		{6E06CA25-E6EE-493B-931F-975CA1951444}.Debug|x64.ActiveCfg = Debug|Any CPU
		{6E06CA25-E6EE-493B-931F-975CA1951444}.Debug|x64.Build.0 = Debug|Any CPU
		{6E06CA25-E6EE-493B-931F-975CA1951444}.Debug|x86.ActiveCfg = Debug|Any CPU
		{6E06CA25-E6EE-493B-931F-975CA1951444}.Debug|x86.Build.0 = Debug|Any CPU
		{6E06CA25-E6EE-493B-931F-975CA1951444}.Release|Any CPU.ActiveCfg = Release|Any CPU
		{6E06CA25-E6EE-493B-931F-975CA1951444}.Release|Any CPU.Build.0 = Release|Any CPU
		{6E06CA25-E6EE-493B-931F-975CA1951444}.Release|x64.ActiveCfg = Release|Any CPU
		{6E06CA25-E6EE-493B-931F-975CA1951444}.Release|x64.Build.0 = Release|Any CPU
		{6E06CA25-E6EE-493B-931F-975CA1951444}.Release|x86.ActiveCfg = Release|Any CPU
		{6E06CA25-E6EE-493B-931F-975CA1951444}.Release|x86.Build.0 = Release|Any CPU
		{053B455A-4D2A-451B-862E-BBF2B0883B4E}.Debug|Any CPU.ActiveCfg = Debug|Any CPU
		{053B455A-4D2A-451B-862E-BBF2B0883B4E}.Debug|Any CPU.Build.0 = Debug|Any CPU
		{053B455A-4D2A-451B-862E-BBF2B0883B4E}.Debug|x64.ActiveCfg = Debug|Any CPU
		{053B455A-4D2A-451B-862E-BBF2B0883B4E}.Debug|x64.Build.0 = Debug|Any CPU
		{053B455A-4D2A-451B-862E-BBF2B0883B4E}.Debug|x86.ActiveCfg = Debug|Any CPU
		{053B455A-4D2A-451B-862E-BBF2B0883B4E}.Debug|x86.Build.0 = Debug|Any CPU
		{053B455A-4D2A-451B-862E-BBF2B0883B4E}.Release|Any CPU.ActiveCfg = Release|Any CPU
		{053B455A-4D2A-451B-862E-BBF2B0883B4E}.Release|Any CPU.Build.0 = Release|Any CPU
		{053B455A-4D2A-451B-862E-BBF2B0883B4E}.Release|x64.ActiveCfg = Release|Any CPU
		{053B455A-4D2A-451B-862E-BBF2B0883B4E}.Release|x64.Build.0 = Release|Any CPU
		{053B455A-4D2A-451B-862E-BBF2B0883B4E}.Release|x86.ActiveCfg = Release|Any CPU
		{053B455A-4D2A-451B-862E-BBF2B0883B4E}.Release|x86.Build.0 = Release|Any CPU
		{E1FE8B69-8418-44BB-B744-ED51EF3ABA7B}.Debug|Any CPU.ActiveCfg = Debug|Any CPU
		{E1FE8B69-8418-44BB-B744-ED51EF3ABA7B}.Debug|Any CPU.Build.0 = Debug|Any CPU
		{E1FE8B69-8418-44BB-B744-ED51EF3ABA7B}.Debug|x64.ActiveCfg = Debug|Any CPU
		{E1FE8B69-8418-44BB-B744-ED51EF3ABA7B}.Debug|x64.Build.0 = Debug|Any CPU
		{E1FE8B69-8418-44BB-B744-ED51EF3ABA7B}.Debug|x86.ActiveCfg = Debug|Any CPU
		{E1FE8B69-8418-44BB-B744-ED51EF3ABA7B}.Debug|x86.Build.0 = Debug|Any CPU
		{E1FE8B69-8418-44BB-B744-ED51EF3ABA7B}.Release|Any CPU.ActiveCfg = Release|Any CPU
		{E1FE8B69-8418-44BB-B744-ED51EF3ABA7B}.Release|Any CPU.Build.0 = Release|Any CPU
		{E1FE8B69-8418-44BB-B744-ED51EF3ABA7B}.Release|x64.ActiveCfg = Release|Any CPU
		{E1FE8B69-8418-44BB-B744-ED51EF3ABA7B}.Release|x64.Build.0 = Release|Any CPU
		{E1FE8B69-8418-44BB-B744-ED51EF3ABA7B}.Release|x86.ActiveCfg = Release|Any CPU
		{E1FE8B69-8418-44BB-B744-ED51EF3ABA7B}.Release|x86.Build.0 = Release|Any CPU
		{54B61C92-CBDB-4AB7-B8C3-3E5B81DD48B5}.Debug|Any CPU.ActiveCfg = Debug|Any CPU
		{54B61C92-CBDB-4AB7-B8C3-3E5B81DD48B5}.Debug|Any CPU.Build.0 = Debug|Any CPU
		{54B61C92-CBDB-4AB7-B8C3-3E5B81DD48B5}.Debug|x64.ActiveCfg = Debug|Any CPU
		{54B61C92-CBDB-4AB7-B8C3-3E5B81DD48B5}.Debug|x64.Build.0 = Debug|Any CPU
		{54B61C92-CBDB-4AB7-B8C3-3E5B81DD48B5}.Debug|x86.ActiveCfg = Debug|Any CPU
		{54B61C92-CBDB-4AB7-B8C3-3E5B81DD48B5}.Debug|x86.Build.0 = Debug|Any CPU
		{54B61C92-CBDB-4AB7-B8C3-3E5B81DD48B5}.Release|Any CPU.ActiveCfg = Release|Any CPU
		{54B61C92-CBDB-4AB7-B8C3-3E5B81DD48B5}.Release|Any CPU.Build.0 = Release|Any CPU
		{54B61C92-CBDB-4AB7-B8C3-3E5B81DD48B5}.Release|x64.ActiveCfg = Release|Any CPU
		{54B61C92-CBDB-4AB7-B8C3-3E5B81DD48B5}.Release|x64.Build.0 = Release|Any CPU
		{54B61C92-CBDB-4AB7-B8C3-3E5B81DD48B5}.Release|x86.ActiveCfg = Release|Any CPU
		{54B61C92-CBDB-4AB7-B8C3-3E5B81DD48B5}.Release|x86.Build.0 = Release|Any CPU
		{5A52A7C2-7D94-4336-BA84-31CBFD4ECAD3}.Debug|Any CPU.ActiveCfg = Debug|Any CPU
		{5A52A7C2-7D94-4336-BA84-31CBFD4ECAD3}.Debug|Any CPU.Build.0 = Debug|Any CPU
		{5A52A7C2-7D94-4336-BA84-31CBFD4ECAD3}.Debug|x64.ActiveCfg = Debug|Any CPU
		{5A52A7C2-7D94-4336-BA84-31CBFD4ECAD3}.Debug|x64.Build.0 = Debug|Any CPU
		{5A52A7C2-7D94-4336-BA84-31CBFD4ECAD3}.Debug|x86.ActiveCfg = Debug|Any CPU
		{5A52A7C2-7D94-4336-BA84-31CBFD4ECAD3}.Debug|x86.Build.0 = Debug|Any CPU
		{5A52A7C2-7D94-4336-BA84-31CBFD4ECAD3}.Release|Any CPU.ActiveCfg = Release|Any CPU
		{5A52A7C2-7D94-4336-BA84-31CBFD4ECAD3}.Release|Any CPU.Build.0 = Release|Any CPU
		{5A52A7C2-7D94-4336-BA84-31CBFD4ECAD3}.Release|x64.ActiveCfg = Release|Any CPU
		{5A52A7C2-7D94-4336-BA84-31CBFD4ECAD3}.Release|x64.Build.0 = Release|Any CPU
		{5A52A7C2-7D94-4336-BA84-31CBFD4ECAD3}.Release|x86.ActiveCfg = Release|Any CPU
		{5A52A7C2-7D94-4336-BA84-31CBFD4ECAD3}.Release|x86.Build.0 = Release|Any CPU
		{73E78CB7-EE10-4A16-AEA9-4D982627C459}.Debug|Any CPU.ActiveCfg = Debug|Any CPU
		{73E78CB7-EE10-4A16-AEA9-4D982627C459}.Debug|Any CPU.Build.0 = Debug|Any CPU
		{73E78CB7-EE10-4A16-AEA9-4D982627C459}.Debug|x64.ActiveCfg = Debug|Any CPU
		{73E78CB7-EE10-4A16-AEA9-4D982627C459}.Debug|x64.Build.0 = Debug|Any CPU
		{73E78CB7-EE10-4A16-AEA9-4D982627C459}.Debug|x86.ActiveCfg = Debug|Any CPU
		{73E78CB7-EE10-4A16-AEA9-4D982627C459}.Debug|x86.Build.0 = Debug|Any CPU
		{73E78CB7-EE10-4A16-AEA9-4D982627C459}.Release|Any CPU.ActiveCfg = Release|Any CPU
		{73E78CB7-EE10-4A16-AEA9-4D982627C459}.Release|Any CPU.Build.0 = Release|Any CPU
		{73E78CB7-EE10-4A16-AEA9-4D982627C459}.Release|x64.ActiveCfg = Release|Any CPU
		{73E78CB7-EE10-4A16-AEA9-4D982627C459}.Release|x64.Build.0 = Release|Any CPU
		{73E78CB7-EE10-4A16-AEA9-4D982627C459}.Release|x86.ActiveCfg = Release|Any CPU
		{73E78CB7-EE10-4A16-AEA9-4D982627C459}.Release|x86.Build.0 = Release|Any CPU
	EndGlobalSection
	GlobalSection(NestedProjects) = preSolution
		{6E06CA25-E6EE-493B-931F-975CA1951444} = {32ABF151-5429-40BB-8520-FF4202DDB976}
		{7FF8180E-D97B-4D27-BD95-AA89A3552A47} = {4BD28F36-3196-4379-88E3-BE0C784A93CB}
		{73E78CB7-EE10-4A16-AEA9-4D982627C459} = {7FF8180E-D97B-4D27-BD95-AA89A3552A47}
	EndGlobalSection
EndGlobal
